
Microsoft Visual Studio Solution File, Format Version 12.00
# Visual Studio Version 17
VisualStudioVersion = 17.9.34902.65
MinimumVisualStudioVersion = 10.0.40219.1
Project("{FAE04EC0-301F-11D3-BF4B-00C04F79EFBC}") = "UartTester_Ezi", "WindowsFormsApp\UartTester_Ezi.csproj", "{FBE06748-2211-49E3-9AA8-E630F239BA48}"
EndProject
Global
	GlobalSection(SolutionConfigurationPlatforms) = preSolution
		Debug|Any CPU = Debug|Any CPU
		Release|Any CPU = Release|Any CPU
	EndGlobalSection
	GlobalSection(ProjectConfigurationPlatforms) = postSolution
		{FBE06748-2211-49E3-9AA8-E630F239BA48}.Debug|Any CPU.ActiveCfg = Debug|Any CPU
		{FBE06748-2211-49E3-9AA8-E630F239BA48}.Debug|Any CPU.Build.0 = Debug|Any CPU
		{FBE06748-2211-49E3-9AA8-E630F239BA48}.Release|Any CPU.ActiveCfg = Release|Any CPU
		{FBE06748-2211-49E3-9AA8-E630F239BA48}.Release|Any CPU.Build.0 = Release|Any CPU
	EndGlobalSection
	GlobalSection(SolutionProperties) = preSolution
		HideSolutionNode = FALSE
	EndGlobalSection
	GlobalSection(ExtensibilityGlobals) = postSolution
		SolutionGuid = {85399033-8C7F-4284-9723-53E9BC4CC70D}
	EndGlobalSection
EndGlobal
